// !$*UTF8*$!
{
	archiveVersion = 1;
	classes = {
	};
	objectVersion = 48;
	objects = {

/* Begin PBXBuildFile section */
		7912033F20BD396700A8CFEB /* DataServices.swift in Sources */ = {isa = PBXBuildFile; fileRef = 7912033E20BD396700A8CFEB /* DataServices.swift */; };
		7912034120BD3CF700A8CFEB /* DetailViewController.swift in Sources */ = {isa = PBXBuildFile; fileRef = 7912034020BD3CF700A8CFEB /* DetailViewController.swift */; };
		798E8E3320BCED9000C4A8C3 /* AppDelegate.swift in Sources */ = {isa = PBXBuildFile; fileRef = 798E8E3220BCED9000C4A8C3 /* AppDelegate.swift */; };
		798E8E3520BCED9000C4A8C3 /* ViewController.swift in Sources */ = {isa = PBXBuildFile; fileRef = 798E8E3420BCED9000C4A8C3 /* ViewController.swift */; };
		798E8E3820BCED9000C4A8C3 /* Main.storyboard in Resources */ = {isa = PBXBuildFile; fileRef = 798E8E3620BCED9000C4A8C3 /* Main.storyboard */; };
		798E8E3A20BCED9000C4A8C3 /* Assets.xcassets in Resources */ = {isa = PBXBuildFile; fileRef = 798E8E3920BCED9000C4A8C3 /* Assets.xcassets */; };
		798E8E3D20BCED9000C4A8C3 /* LaunchScreen.storyboard in Resources */ = {isa = PBXBuildFile; fileRef = 798E8E3B20BCED9000C4A8C3 /* LaunchScreen.storyboard */; };
		798E8E4A20BCF44900C4A8C3 /* Localizable.strings in Resources */ = {isa = PBXBuildFile; fileRef = 798E8E4C20BCF44900C4A8C3 /* Localizable.strings */; };
/* End PBXBuildFile section */

/* Begin PBXFileReference section */
		7912033E20BD396700A8CFEB /* DataServices.swift */ = {isa = PBXFileReference; lastKnownFileType = sourcecode.swift; path = DataServices.swift; sourceTree = "<group>"; };
		7912034020BD3CF700A8CFEB /* DetailViewController.swift */ = {isa = PBXFileReference; lastKnownFileType = sourcecode.swift; path = DetailViewController.swift; sourceTree = "<group>"; };
		798E8E2F20BCED9000C4A8C3 /* DemoLocalization.app */ = {isa = PBXFileReference; explicitFileType = wrapper.application; includeInIndex = 0; path = DemoLocalization.app; sourceTree = BUILT_PRODUCTS_DIR; };
		798E8E3220BCED9000C4A8C3 /* AppDelegate.swift */ = {isa = PBXFileReference; lastKnownFileType = sourcecode.swift; path = AppDelegate.swift; sourceTree = "<group>"; };
		798E8E3420BCED9000C4A8C3 /* ViewController.swift */ = {isa = PBXFileReference; lastKnownFileType = sourcecode.swift; path = ViewController.swift; sourceTree = "<group>"; };
		798E8E3720BCED9000C4A8C3 /* Base */ = {isa = PBXFileReference; lastKnownFileType = file.storyboard; name = Base; path = Base.lproj/Main.storyboard; sourceTree = "<group>"; };
		798E8E3920BCED9000C4A8C3 /* Assets.xcassets */ = {isa = PBXFileReference; lastKnownFileType = folder.assetcatalog; path = Assets.xcassets; sourceTree = "<group>"; };
		798E8E3C20BCED9000C4A8C3 /* Base */ = {isa = PBXFileReference; lastKnownFileType = file.storyboard; name = Base; path = Base.lproj/LaunchScreen.storyboard; sourceTree = "<group>"; };
		798E8E3E20BCED9000C4A8C3 /* Info.plist */ = {isa = PBXFileReference; lastKnownFileType = text.plist.xml; path = Info.plist; sourceTree = "<group>"; };
		798E8E4620BCF27800C4A8C3 /* vi */ = {isa = PBXFileReference; lastKnownFileType = text.plist.strings; name = vi; path = vi.lproj/Main.strings; sourceTree = "<group>"; };
		798E8E4720BCF27800C4A8C3 /* vi */ = {isa = PBXFileReference; lastKnownFileType = text.plist.strings; name = vi; path = vi.lproj/LaunchScreen.strings; sourceTree = "<group>"; };
		798E8E4B20BCF44900C4A8C3 /* vi */ = {isa = PBXFileReference; lastKnownFileType = text.plist.strings; name = vi; path = vi.lproj/Localizable.strings; sourceTree = "<group>"; };
		798E8E4E20BCF47C00C4A8C3 /* Base */ = {isa = PBXFileReference; lastKnownFileType = text.plist.strings; name = Base; path = Base.lproj/Localizable.strings; sourceTree = "<group>"; };
		798E8E4F20BCF48100C4A8C3 /* en */ = {isa = PBXFileReference; lastKnownFileType = text.plist.strings; name = en; path = en.lproj/Localizable.strings; sourceTree = "<group>"; };
		798E8E5120BCF49D00C4A8C3 /* en */ = {isa = PBXFileReference; lastKnownFileType = text.plist.strings; name = en; path = en.lproj/Main.strings; sourceTree = "<group>"; };
/* End PBXFileReference section */

/* Begin PBXFrameworksBuildPhase section */
		798E8E2C20BCED9000C4A8C3 /* Frameworks */ = {
			isa = PBXFrameworksBuildPhase;
			buildActionMask = 2147483647;
			files = (
			);
			runOnlyForDeploymentPostprocessing = 0;
		};
/* End PBXFrameworksBuildPhase section */

/* Begin PBXGroup section */
		798E8E2620BCED8F00C4A8C3 = {
			isa = PBXGroup;
			children = (
				798E8E3120BCED9000C4A8C3 /* DemoLocalization */,
				798E8E3020BCED9000C4A8C3 /* Products */,
			);
			sourceTree = "<group>";
		};
		798E8E3020BCED9000C4A8C3 /* Products */ = {
			isa = PBXGroup;
			children = (
				798E8E2F20BCED9000C4A8C3 /* DemoLocalization.app */,
			);
			name = Products;
			sourceTree = "<group>";
		};
		798E8E3120BCED9000C4A8C3 /* DemoLocalization */ = {
			isa = PBXGroup;
			children = (
				798E8E3220BCED9000C4A8C3 /* AppDelegate.swift */,
				798E8E3420BCED9000C4A8C3 /* ViewController.swift */,
				7912034020BD3CF700A8CFEB /* DetailViewController.swift */,
				7912033E20BD396700A8CFEB /* DataServices.swift */,
				798E8E3620BCED9000C4A8C3 /* Main.storyboard */,
				798E8E3920BCED9000C4A8C3 /* Assets.xcassets */,
				798E8E3B20BCED9000C4A8C3 /* LaunchScreen.storyboard */,
				798E8E3E20BCED9000C4A8C3 /* Info.plist */,
				798E8E4C20BCF44900C4A8C3 /* Localizable.strings */,
			);
			path = DemoLocalization;
			sourceTree = "<group>";
		};
/* End PBXGroup section */

/* Begin PBXNativeTarget section */
		798E8E2E20BCED9000C4A8C3 /* DemoLocalization */ = {
			isa = PBXNativeTarget;
			buildConfigurationList = 798E8E4120BCED9000C4A8C3 /* Build configuration list for PBXNativeTarget "DemoLocalization" */;
			buildPhases = (
				798E8E2B20BCED9000C4A8C3 /* Sources */,
				798E8E2C20BCED9000C4A8C3 /* Frameworks */,
				798E8E2D20BCED9000C4A8C3 /* Resources */,
			);
			buildRules = (
			);
			dependencies = (
			);
			name = DemoLocalization;
			productName = DemoLocalization;
			productReference = 798E8E2F20BCED9000C4A8C3 /* DemoLocalization.app */;
			productType = "com.apple.product-type.application";
		};
/* End PBXNativeTarget section */

/* Begin PBXProject section */
		798E8E2720BCED9000C4A8C3 /* Project object */ = {
			isa = PBXProject;
			attributes = {
				LastSwiftUpdateCheck = 0920;
				LastUpgradeCheck = 0920;
				ORGANIZATIONNAME = "Vu Ngoc Cong";
				TargetAttributes = {
					798E8E2E20BCED9000C4A8C3 = {
						CreatedOnToolsVersion = 9.2;
						ProvisioningStyle = Automatic;
					};
				};
			};
			buildConfigurationList = 798E8E2A20BCED9000C4A8C3 /* Build configuration list for PBXProject "DemoLocalization" */;
			compatibilityVersion = "Xcode 8.0";
			developmentRegion = en;
			hasScannedForEncodings = 0;
			knownRegions = (
				en,
				Base,
			);
			mainGroup = 798E8E2620BCED8F00C4A8C3;
			productRefGroup = 798E8E3020BCED9000C4A8C3 /* Products */;
			projectDirPath = "";
			projectRoot = "";
			targets = (
				798E8E2E20BCED9000C4A8C3 /* DemoLocalization */,
			);
		};
/* End PBXProject section */

/* Begin PBXResourcesBuildPhase section */
		798E8E2D20BCED9000C4A8C3 /* Resources */ = {
			isa = PBXResourcesBuildPhase;
			buildActionMask = 2147483647;
			files = (
				798E8E3D20BCED9000C4A8C3 /* LaunchScreen.storyboard in Resources */,
				798E8E4A20BCF44900C4A8C3 /* Localizable.strings in Resources */,
				798E8E3A20BCED9000C4A8C3 /* Assets.xcassets in Resources */,
				798E8E3820BCED9000C4A8C3 /* Main.storyboard in Resources */,
			);
			runOnlyForDeploymentPostprocessing = 0;
		};
/* End PBXResourcesBuildPhase section */

/* Begin PBXSourcesBuildPhase section */
		798E8E2B20BCED9000C4A8C3 /* Sources */ = {
			isa = PBXSourcesBuildPhase;
			buildActionMask = 2147483647;
			files = (
				7912033F20BD396700A8CFEB /* DataServices.swift in Sources */,
				798E8E3520BCED9000C4A8C3 /* ViewController.swift in Sources */,
				798E8E3320BCED9000C4A8C3 /* AppDelegate.swift in Sources */,
				7912034120BD3CF700A8CFEB /* DetailViewController.swift in Sources */,
			);
			runOnlyForDeploymentPostprocessing = 0;
		};
/* End PBXSourcesBuildPhase section */

/* Begin PBXVariantGroup section */
		798E8E3620BCED9000C4A8C3 /* Main.storyboard */ = {
			isa = PBXVariantGroup;
			children = (
				798E8E3720BCED9000C4A8C3 /* Base */,
				798E8E4620BCF27800C4A8C3 /* vi */,
				798E8E5120BCF49D00C4A8C3 /* en */,
			);
			name = Main.storyboard;
			sourceTree = "<group>";
		};
		798E8E3B20BCED9000C4A8C3 /* LaunchScreen.storyboard */ = {
			isa = PBXVariantGroup;
			children = (
				798E8E3C20BCED9000C4A8C3 /* Base */,
				798E8E4720BCF27800C4A8C3 /* vi */,
			);
			name = LaunchScreen.storyboard;
			sourceTree = "<group>";
		};
		798E8E4C20BCF44900C4A8C3 /* Localizable.strings */ = {
			isa = PBXVariantGroup;
			children = (
				798E8E4B20BCF44900C4A8C3 /* vi */,
				798E8E4E20BCF47C00C4A8C3 /* Base */,
				798E8E4F20BCF48100C4A8C3 /* en */,
			);
			name = Localizable.strings;
			sourceTree = "<group>";
		};
/* End PBXVariantGroup section */

/* Begin XCBuildConfiguration section */
		798E8E3F20BCED9000C4A8C3 /* Debug */ = {
			isa = XCBuildConfiguration;
			buildSettings = {
				ALWAYS_SEARCH_USER_PATHS = NO;
				CLANG_ANALYZER_LOCALIZABILITY_NONLOCALIZED = YES;
				CLANG_ANALYZER_NONNULL = YES;
				CLANG_ANALYZER_NUMBER_OBJECT_CONVERSION = YES_AGGRESSIVE;
				CLANG_CXX_LANGUAGE_STANDARD = "gnu++14";
				CLANG_CXX_LIBRARY = "libc++";
				CLANG_ENABLE_MODULES = YES;
				CLANG_ENABLE_OBJC_ARC = YES;
				CLANG_WARN_BLOCK_CAPTURE_AUTORELEASING = YES;
				CLANG_WARN_BOOL_CONVERSION = YES;
				CLANG_WARN_COMMA = YES;
				CLANG_WARN_CONSTANT_CONVERSION = YES;
				CLANG_WARN_DIRECT_OBJC_ISA_USAGE = YES_ERROR;
				CLANG_WARN_DOCUMENTATION_COMMENTS = YES;
				CLANG_WARN_EMPTY_BODY = YES;
				CLANG_WARN_ENUM_CONVERSION = YES;
				CLANG_WARN_INFINITE_RECURSION = YES;
				CLANG_WARN_INT_CONVERSION = YES;
				CLANG_WARN_NON_LITERAL_NULL_CONVERSION = YES;
				CLANG_WARN_OBJC_LITERAL_CONVERSION = YES;
				CLANG_WARN_OBJC_ROOT_CLASS = YES_ERROR;
				CLANG_WARN_RANGE_LOOP_ANALYSIS = YES;
				CLANG_WARN_STRICT_PROTOTYPES = YES;
				CLANG_WARN_SUSPICIOUS_MOVE = YES;
				CLANG_WARN_UNGUARDED_AVAILABILITY = YES_AGGRESSIVE;
				CLANG_WARN_UNREACHABLE_CODE = YES;
				CLANG_WARN__DUPLICATE_METHOD_MATCH = YES;
				CODE_SIGN_IDENTITY = "iPhone Developer";
				COPY_PHASE_STRIP = NO;
				DEBUG_INFORMATION_FORMAT = dwarf;
				ENABLE_STRICT_OBJC_MSGSEND = YES;
				ENABLE_TESTABILITY = YES;
				GCC_C_LANGUAGE_STANDARD = gnu11;
				GCC_DYNAMIC_NO_PIC = NO;
				GCC_NO_COMMON_BLOCKS = YES;
				GCC_OPTIMIZATION_LEVEL = 0;
				GCC_PREPROCESSOR_DEFINITIONS = (
					"DEBUG=1",
					"$(inherited)",
				);
				GCC_WARN_64_TO_32_BIT_CONVERSION = YES;
				GCC_WARN_ABOUT_RETURN_TYPE = YES_ERROR;
				GCC_WARN_UNDECLARED_SELECTOR = YES;
				GCC_WARN_UNINITIALIZED_AUTOS = YES_AGGRESSIVE;
				GCC_WARN_UNUSED_FUNCTION = YES;
				GCC_WARN_UNUSED_VARIABLE = YES;
				IPHONEOS_DEPLOYMENT_TARGET = 11.2;
				MTL_ENABLE_DEBUG_INFO = YES;
				ONLY_ACTIVE_ARCH = YES;
				SDKROOT = iphoneos;
				SWIFT_ACTIVE_COMPILATION_CONDITIONS = DEBUG;
				SWIFT_OPTIMIZATION_LEVEL = "-Onone";
			};
			name = Debug;
		};
		798E8E4020BCED9000C4A8C3 /* Release */ = {
			isa = XCBuildConfiguration;
			buildSettings = {
				ALWAYS_SEARCH_USER_PATHS = NO;
				CLANG_ANALYZER_LOCALIZABILITY_NONLOCALIZED = YES;
				CLANG_ANALYZER_NONNULL = YES;
				CLANG_ANALYZER_NUMBER_OBJECT_CONVERSION = YES_AGGRESSIVE;
				CLANG_CXX_LANGUAGE_STANDARD = "gnu++14";
				CLANG_CXX_LIBRARY = "libc++";
				CLANG_ENABLE_MODULES = YES;
				CLANG_ENABLE_OBJC_ARC = YES;
				CLANG_WARN_BLOCK_CAPTURE_AUTORELEASING = YES;
				CLANG_WARN_BOOL_CONVERSION = YES;
				CLANG_WARN_COMMA = YES;
				CLANG_WARN_CONSTANT_CONVERSION = YES;
				CLANG_WARN_DIRECT_OBJC_ISA_USAGE = YES_ERROR;
				CLANG_WARN_DOCUMENTATION_COMMENTS = YES;
				CLANG_WARN_EMPTY_BODY = YES;
				CLANG_WARN_ENUM_CONVERSION = YES;
				CLANG_WARN_INFINITE_RECURSION = YES;
				CLANG_WARN_INT_CONVERSION = YES;
				CLANG_WARN_NON_LITERAL_NULL_CONVERSION = YES;
				CLANG_WARN_OBJC_LITERAL_CONVERSION = YES;
				CLANG_WARN_OBJC_ROOT_CLASS = YES_ERROR;
				CLANG_WARN_RANGE_LOOP_ANALYSIS = YES;
				CLANG_WARN_STRICT_PROTOTYPES = YES;
				CLANG_WARN_SUSPICIOUS_MOVE = YES;
				CLANG_WARN_UNGUARDED_AVAILABILITY = YES_AGGRESSIVE;
				CLANG_WARN_UNREACHABLE_CODE = YES;
				CLANG_WARN__DUPLICATE_METHOD_MATCH = YES;
				CODE_SIGN_IDENTITY = "iPhone Developer";
				COPY_PHASE_STRIP = NO;
				DEBUG_INFORMATION_FORMAT = "dwarf-with-dsym";
				ENABLE_NS_ASSERTIONS = NO;
				ENABLE_STRICT_OBJC_MSGSEND = YES;
				GCC_C_LANGUAGE_STANDARD = gnu11;
				GCC_NO_COMMON_BLOCKS = YES;
				GCC_WARN_64_TO_32_BIT_CONVERSION = YES;
				GCC_WARN_ABOUT_RETURN_TYPE = YES_ERROR;
				GCC_WARN_UNDECLARED_SELECTOR = YES;
				GCC_WARN_UNINITIALIZED_AUTOS = YES_AGGRESSIVE;
				GCC_WARN_UNUSED_FUNCTION = YES;
				GCC_WARN_UNUSED_VARIABLE = YES;
				IPHONEOS_DEPLOYMENT_TARGET = 11.2;
				MTL_ENABLE_DEBUG_INFO = NO;
				SDKROOT = iphoneos;
				SWIFT_OPTIMIZATION_LEVEL = "-Owholemodule";
				VALIDATE_PRODUCT = YES;
			};
			name = Release;
		};
		798E8E4220BCED9000C4A8C3 /* Debug */ = {
			isa = XCBuildConfiguration;
			buildSettings = {
				ASSETCATALOG_COMPILER_APPICON_NAME = AppIcon;
				CODE_SIGN_STYLE = Automatic;
				DEVELOPMENT_TEAM = XY8UWSG2LX;
				INFOPLIST_FILE = DemoLocalization/Info.plist;
				IPHONEOS_DEPLOYMENT_TARGET = 11.2;
				LD_RUNPATH_SEARCH_PATHS = "$(inherited) @executable_path/Frameworks";
				PRODUCT_BUNDLE_IDENTIFIER = com.cong.DemoLocalization;
				PRODUCT_NAME = "$(TARGET_NAME)";
				SWIFT_VERSION = 4.0;
				TARGETED_DEVICE_FAMILY = "1,2";
			};
			name = Debug;
		};
		798E8E4320BCED9000C4A8C3 /* Release */ = {
			isa = XCBuildConfiguration;
			buildSettings = {
				ASSETCATALOG_COMPILER_APPICON_NAME = AppIcon;
				CODE_SIGN_STYLE = Automatic;
				DEVELOPMENT_TEAM = XY8UWSG2LX;
				INFOPLIST_FILE = DemoLocalization/Info.plist;
				IPHONEOS_DEPLOYMENT_TARGET = 11.2;
				LD_RUNPATH_SEARCH_PATHS = "$(inherited) @executable_path/Frameworks";
				PRODUCT_BUNDLE_IDENTIFIER = com.cong.DemoLocalization;
				PRODUCT_NAME = "$(TARGET_NAME)";
				SWIFT_VERSION = 4.0;
				TARGETED_DEVICE_FAMILY = "1,2";
			};
			name = Release;
		};
/* End XCBuildConfiguration section */

/* Begin XCConfigurationList section */
		798E8E2A20BCED9000C4A8C3 /* Build configuration list for PBXProject "DemoLocalization" */ = {
			isa = XCConfigurationList;
			buildConfigurations = (
				798E8E3F20BCED9000C4A8C3 /* Debug */,
				798E8E4020BCED9000C4A8C3 /* Release */,
			);
			defaultConfigurationIsVisible = 0;
			defaultConfigurationName = Release;
		};
		798E8E4120BCED9000C4A8C3 /* Build configuration list for PBXNativeTarget "DemoLocalization" */ = {
			isa = XCConfigurationList;
			buildConfigurations = (
				798E8E4220BCED9000C4A8C3 /* Debug */,
				798E8E4320BCED9000C4A8C3 /* Release */,
			);
			defaultConfigurationIsVisible = 0;
			defaultConfigurationName = Release;
		};
/* End XCConfigurationList section */
	};
	rootObject = 798E8E2720BCED9000C4A8C3 /* Project object */;
}
